
Microsoft Visual Studio Solution File, Format Version 12.00
# Visual Studio Version 16
VisualStudioVersion = 16.0.31105.61
MinimumVisualStudioVersion = 10.0.40219.1
Project("{888888A0-9F3D-457C-B088-3A5042F75D52}") = "DjangoWebProject1", "DjangoWebProject1\DjangoWebProject1.pyproj", "{07E2DDFB-A9EB-42C6-9BE1-837471D1EFBE}"
EndProject
Global
	GlobalSection(SolutionConfigurationPlatforms) = preSolution
		Debug|Any CPU = Debug|Any CPU
		Release|Any CPU = Release|Any CPU
	EndGlobalSection
	GlobalSection(ProjectConfigurationPlatforms) = postSolution
		{07E2DDFB-A9EB-42C6-9BE1-837471D1EFBE}.Debug|Any CPU.ActiveCfg = Debug|Any CPU
		{07E2DDFB-A9EB-42C6-9BE1-837471D1EFBE}.Debug|Any CPU.Build.0 = Debug|Any CPU
		{07E2DDFB-A9EB-42C6-9BE1-837471D1EFBE}.Release|Any CPU.ActiveCfg = Release|Any CPU
		{07E2DDFB-A9EB-42C6-9BE1-837471D1EFBE}.Release|Any CPU.Build.0 = Release|Any CPU
	EndGlobalSection
	GlobalSection(SolutionProperties) = preSolution
		HideSolutionNode = FALSE
	EndGlobalSection
	GlobalSection(ExtensibilityGlobals) = postSolution
		SolutionGuid = {E68A2938-0BC9-4A14-A418-B1C9E249F884}
	EndGlobalSection
EndGlobal
